// !$*UTF8*$!
{
	archiveVersion = 1;
	classes = {
	};
	objectVersion = 46;
	objects = {

/* Begin PBXBuildFile section */
		6855E4111CB058E600FAA940 /* SwooshShotDetailViewController.swift in Sources */ = {isa = PBXBuildFile; fileRef = 6855E4101CB058E600FAA940 /* SwooshShotDetailViewController.swift */; };
		6855E4131CB33EA800FAA940 /* SwooshShotImageViewController.swift in Sources */ = {isa = PBXBuildFile; fileRef = 6855E4121CB33EA800FAA940 /* SwooshShotImageViewController.swift */; };
		68B0A6CA1C9A57E1000751EF /* AppDelegate.swift in Sources */ = {isa = PBXBuildFile; fileRef = 68B0A6C91C9A57E1000751EF /* AppDelegate.swift */; };
		68B0A6CF1C9A57E1000751EF /* Main.storyboard in Resources */ = {isa = PBXBuildFile; fileRef = 68B0A6CD1C9A57E1000751EF /* Main.storyboard */; };
		68B0A6D11C9A57E1000751EF /* Assets.xcassets in Resources */ = {isa = PBXBuildFile; fileRef = 68B0A6D01C9A57E1000751EF /* Assets.xcassets */; };
		68B0A6D41C9A57E1000751EF /* LaunchScreen.storyboard in Resources */ = {isa = PBXBuildFile; fileRef = 68B0A6D21C9A57E1000751EF /* LaunchScreen.storyboard */; };
		68B0A6DE1C9A592E000751EF /* image1.png in Resources */ = {isa = PBXBuildFile; fileRef = 68B0A6DD1C9A592E000751EF /* image1.png */; };
		68B0A6E01C9A5938000751EF /* image2.jpg in Resources */ = {isa = PBXBuildFile; fileRef = 68B0A6DF1C9A5938000751EF /* image2.jpg */; };
		68B0A6E61C9A5D56000751EF /* SwooshViewController.swift in Sources */ = {isa = PBXBuildFile; fileRef = 68B0A6E51C9A5D56000751EF /* SwooshViewController.swift */; };
		68B0A6E81C9A5D73000751EF /* SwooshDataSource.swift in Sources */ = {isa = PBXBuildFile; fileRef = 68B0A6E71C9A5D73000751EF /* SwooshDataSource.swift */; };
		68B0A6EA1C9BB72E000751EF /* SwooshCollectionViewCell.swift in Sources */ = {isa = PBXBuildFile; fileRef = 68B0A6E91C9BB72E000751EF /* SwooshCollectionViewCell.swift */; };
		68B0A6EC1C9BBDC3000751EF /* DribbbleAPI.swift in Sources */ = {isa = PBXBuildFile; fileRef = 68B0A6EB1C9BBDC3000751EF /* DribbbleAPI.swift */; };
		68DEEE8D1CA0E2140073282F /* ShotStore.swift in Sources */ = {isa = PBXBuildFile; fileRef = 68DEEE8C1CA0E2140073282F /* ShotStore.swift */; };
		68DEEE8F1CA0EFF80073282F /* Shot.swift in Sources */ = {isa = PBXBuildFile; fileRef = 68DEEE8E1CA0EFF80073282F /* Shot.swift */; };
		68DEEE911CA0F0A80073282F /* User.swift in Sources */ = {isa = PBXBuildFile; fileRef = 68DEEE901CA0F0A80073282F /* User.swift */; };
		7117F9599C4F7A2315325217 /* Pods_Swoosh.framework in Frameworks */ = {isa = PBXBuildFile; fileRef = 70A2795F7D33E4FFECB5C0FD /* Pods_Swoosh.framework */; };
/* End PBXBuildFile section */

/* Begin PBXFileReference section */
		0173308E22B9FC18C6B46791 /* Pods-Swoosh.release.xcconfig */ = {isa = PBXFileReference; includeInIndex = 1; lastKnownFileType = text.xcconfig; name = "Pods-Swoosh.release.xcconfig"; path = "Pods/Target Support Files/Pods-Swoosh/Pods-Swoosh.release.xcconfig"; sourceTree = "<group>"; };
		027CC8B5D5396A02F43A8C10 /* Pods-Swoosh.debug.xcconfig */ = {isa = PBXFileReference; includeInIndex = 1; lastKnownFileType = text.xcconfig; name = "Pods-Swoosh.debug.xcconfig"; path = "Pods/Target Support Files/Pods-Swoosh/Pods-Swoosh.debug.xcconfig"; sourceTree = "<group>"; };
		6855E4101CB058E600FAA940 /* SwooshShotDetailViewController.swift */ = {isa = PBXFileReference; fileEncoding = 4; lastKnownFileType = sourcecode.swift; path = SwooshShotDetailViewController.swift; sourceTree = "<group>"; };
		6855E4121CB33EA800FAA940 /* SwooshShotImageViewController.swift */ = {isa = PBXFileReference; fileEncoding = 4; lastKnownFileType = sourcecode.swift; path = SwooshShotImageViewController.swift; sourceTree = "<group>"; };
		68B0A6C61C9A57E1000751EF /* Swoosh.app */ = {isa = PBXFileReference; explicitFileType = wrapper.application; includeInIndex = 0; path = Swoosh.app; sourceTree = BUILT_PRODUCTS_DIR; };
		68B0A6C91C9A57E1000751EF /* AppDelegate.swift */ = {isa = PBXFileReference; lastKnownFileType = sourcecode.swift; path = AppDelegate.swift; sourceTree = "<group>"; };
		68B0A6CE1C9A57E1000751EF /* Base */ = {isa = PBXFileReference; lastKnownFileType = file.storyboard; name = Base; path = Base.lproj/Main.storyboard; sourceTree = "<group>"; };
		68B0A6D01C9A57E1000751EF /* Assets.xcassets */ = {isa = PBXFileReference; lastKnownFileType = folder.assetcatalog; path = Assets.xcassets; sourceTree = "<group>"; };
		68B0A6D31C9A57E1000751EF /* Base */ = {isa = PBXFileReference; lastKnownFileType = file.storyboard; name = Base; path = Base.lproj/LaunchScreen.storyboard; sourceTree = "<group>"; };
		68B0A6D51C9A57E1000751EF /* Info.plist */ = {isa = PBXFileReference; lastKnownFileType = text.plist.xml; path = Info.plist; sourceTree = "<group>"; };
		68B0A6DD1C9A592E000751EF /* image1.png */ = {isa = PBXFileReference; lastKnownFileType = image.png; path = image1.png; sourceTree = "<group>"; };
		68B0A6DF1C9A5938000751EF /* image2.jpg */ = {isa = PBXFileReference; lastKnownFileType = image.jpeg; path = image2.jpg; sourceTree = "<group>"; };
		68B0A6E51C9A5D56000751EF /* SwooshViewController.swift */ = {isa = PBXFileReference; fileEncoding = 4; lastKnownFileType = sourcecode.swift; path = SwooshViewController.swift; sourceTree = "<group>"; };
		68B0A6E71C9A5D73000751EF /* SwooshDataSource.swift */ = {isa = PBXFileReference; fileEncoding = 4; lastKnownFileType = sourcecode.swift; path = SwooshDataSource.swift; sourceTree = "<group>"; };
		68B0A6E91C9BB72E000751EF /* SwooshCollectionViewCell.swift */ = {isa = PBXFileReference; fileEncoding = 4; lastKnownFileType = sourcecode.swift; path = SwooshCollectionViewCell.swift; sourceTree = "<group>"; };
		68B0A6EB1C9BBDC3000751EF /* DribbbleAPI.swift */ = {isa = PBXFileReference; fileEncoding = 4; lastKnownFileType = sourcecode.swift; path = DribbbleAPI.swift; sourceTree = "<group>"; };
		68DEEE8C1CA0E2140073282F /* ShotStore.swift */ = {isa = PBXFileReference; fileEncoding = 4; lastKnownFileType = sourcecode.swift; path = ShotStore.swift; sourceTree = "<group>"; };
		68DEEE8E1CA0EFF80073282F /* Shot.swift */ = {isa = PBXFileReference; fileEncoding = 4; lastKnownFileType = sourcecode.swift; path = Shot.swift; sourceTree = "<group>"; };
		68DEEE901CA0F0A80073282F /* User.swift */ = {isa = PBXFileReference; fileEncoding = 4; lastKnownFileType = sourcecode.swift; path = User.swift; sourceTree = "<group>"; };
		70A2795F7D33E4FFECB5C0FD /* Pods_Swoosh.framework */ = {isa = PBXFileReference; explicitFileType = wrapper.framework; includeInIndex = 0; path = Pods_Swoosh.framework; sourceTree = BUILT_PRODUCTS_DIR; };
/* End PBXFileReference section */

/* Begin PBXFrameworksBuildPhase section */
		68B0A6C31C9A57E1000751EF /* Frameworks */ = {
			isa = PBXFrameworksBuildPhase;
			buildActionMask = 2147483647;
			files = (
				7117F9599C4F7A2315325217 /* Pods_Swoosh.framework in Frameworks */,
			);
			runOnlyForDeploymentPostprocessing = 0;
		};
/* End PBXFrameworksBuildPhase section */

/* Begin PBXGroup section */
		68B0A6BD1C9A57E1000751EF = {
			isa = PBXGroup;
			children = (
				68B0A6C81C9A57E1000751EF /* Swoosh */,
				68B0A6C71C9A57E1000751EF /* Products */,
				6BA3AC0FFF9A7E4299C647DF /* Pods */,
				E61AB68A3F049FEC65538977 /* Frameworks */,
			);
			sourceTree = "<group>";
		};
		68B0A6C71C9A57E1000751EF /* Products */ = {
			isa = PBXGroup;
			children = (
				68B0A6C61C9A57E1000751EF /* Swoosh.app */,
			);
			name = Products;
			sourceTree = "<group>";
		};
		68B0A6C81C9A57E1000751EF /* Swoosh */ = {
			isa = PBXGroup;
			children = (
				68B0A6C91C9A57E1000751EF /* AppDelegate.swift */,
				68B0A6CD1C9A57E1000751EF /* Main.storyboard */,
				6855E4101CB058E600FAA940 /* SwooshShotDetailViewController.swift */,
				6855E4121CB33EA800FAA940 /* SwooshShotImageViewController.swift */,
				68B0A6E51C9A5D56000751EF /* SwooshViewController.swift */,
				68B0A6E71C9A5D73000751EF /* SwooshDataSource.swift */,
				68B0A6E91C9BB72E000751EF /* SwooshCollectionViewCell.swift */,
				68B0A6EB1C9BBDC3000751EF /* DribbbleAPI.swift */,
				68DEEE8C1CA0E2140073282F /* ShotStore.swift */,
				68DEEE8E1CA0EFF80073282F /* Shot.swift */,
				68DEEE901CA0F0A80073282F /* User.swift */,
				68B0A6D01C9A57E1000751EF /* Assets.xcassets */,
				68B0A6DC1C9A58C3000751EF /* Images */,
				68B0A6D21C9A57E1000751EF /* LaunchScreen.storyboard */,
				68B0A6D51C9A57E1000751EF /* Info.plist */,
			);
			path = Swoosh;
			sourceTree = "<group>";
		};
		68B0A6DC1C9A58C3000751EF /* Images */ = {
			isa = PBXGroup;
			children = (
				68B0A6DD1C9A592E000751EF /* image1.png */,
				68B0A6DF1C9A5938000751EF /* image2.jpg */,
			);
			name = Images;
			sourceTree = "<group>";
		};
		6BA3AC0FFF9A7E4299C647DF /* Pods */ = {
			isa = PBXGroup;
			children = (
				027CC8B5D5396A02F43A8C10 /* Pods-Swoosh.debug.xcconfig */,
				0173308E22B9FC18C6B46791 /* Pods-Swoosh.release.xcconfig */,
			);
			name = Pods;
			sourceTree = "<group>";
		};
		E61AB68A3F049FEC65538977 /* Frameworks */ = {
			isa = PBXGroup;
			children = (
				70A2795F7D33E4FFECB5C0FD /* Pods_Swoosh.framework */,
			);
			name = Frameworks;
			sourceTree = "<group>";
		};
/* End PBXGroup section */

/* Begin PBXNativeTarget section */
		68B0A6C51C9A57E1000751EF /* Swoosh */ = {
			isa = PBXNativeTarget;
			buildConfigurationList = 68B0A6D81C9A57E1000751EF /* Build configuration list for PBXNativeTarget "Swoosh" */;
			buildPhases = (
				FB7ED31FFFF28A0070B6EC9C /* Check Pods Manifest.lock */,
				68B0A6C21C9A57E1000751EF /* Sources */,
				68B0A6C31C9A57E1000751EF /* Frameworks */,
				68B0A6C41C9A57E1000751EF /* Resources */,
				4EEF851C5A894134C2B388DB /* Embed Pods Frameworks */,
				DB1E81B1A900A24E168D6C58 /* Copy Pods Resources */,
			);
			buildRules = (
			);
			dependencies = (
			);
			name = Swoosh;
			productName = Swoosh;
			productReference = 68B0A6C61C9A57E1000751EF /* Swoosh.app */;
			productType = "com.apple.product-type.application";
		};
/* End PBXNativeTarget section */

/* Begin PBXProject section */
		68B0A6BE1C9A57E1000751EF /* Project object */ = {
			isa = PBXProject;
			attributes = {
				LastSwiftUpdateCheck = 0720;
				LastUpgradeCheck = 0720;
				ORGANIZATIONNAME = Ariunjargal;
				TargetAttributes = {
					68B0A6C51C9A57E1000751EF = {
						CreatedOnToolsVersion = 7.2.1;
						DevelopmentTeam = UDBQ493C9D;
					};
				};
			};
			buildConfigurationList = 68B0A6C11C9A57E1000751EF /* Build configuration list for PBXProject "Swoosh" */;
			compatibilityVersion = "Xcode 3.2";
			developmentRegion = English;
			hasScannedForEncodings = 0;
			knownRegions = (
				en,
				Base,
			);
			mainGroup = 68B0A6BD1C9A57E1000751EF;
			productRefGroup = 68B0A6C71C9A57E1000751EF /* Products */;
			projectDirPath = "";
			projectRoot = "";
			targets = (
				68B0A6C51C9A57E1000751EF /* Swoosh */,
			);
		};
/* End PBXProject section */

/* Begin PBXResourcesBuildPhase section */
		68B0A6C41C9A57E1000751EF /* Resources */ = {
			isa = PBXResourcesBuildPhase;
			buildActionMask = 2147483647;
			files = (
				68B0A6D41C9A57E1000751EF /* LaunchScreen.storyboard in Resources */,
				68B0A6D11C9A57E1000751EF /* Assets.xcassets in Resources */,
				68B0A6DE1C9A592E000751EF /* image1.png in Resources */,
				68B0A6E01C9A5938000751EF /* image2.jpg in Resources */,
				68B0A6CF1C9A57E1000751EF /* Main.storyboard in Resources */,
			);
			runOnlyForDeploymentPostprocessing = 0;
		};
/* End PBXResourcesBuildPhase section */

/* Begin PBXShellScriptBuildPhase section */
		4EEF851C5A894134C2B388DB /* Embed Pods Frameworks */ = {
			isa = PBXShellScriptBuildPhase;
			buildActionMask = 2147483647;
			files = (
			);
			inputPaths = (
			);
			name = "Embed Pods Frameworks";
			outputPaths = (
			);
			runOnlyForDeploymentPostprocessing = 0;
			shellPath = /bin/sh;
			shellScript = "\"${SRCROOT}/Pods/Target Support Files/Pods-Swoosh/Pods-Swoosh-frameworks.sh\"\n";
			showEnvVarsInLog = 0;
		};
		DB1E81B1A900A24E168D6C58 /* Copy Pods Resources */ = {
			isa = PBXShellScriptBuildPhase;
			buildActionMask = 2147483647;
			files = (
			);
			inputPaths = (
			);
			name = "Copy Pods Resources";
			outputPaths = (
			);
			runOnlyForDeploymentPostprocessing = 0;
			shellPath = /bin/sh;
			shellScript = "\"${SRCROOT}/Pods/Target Support Files/Pods-Swoosh/Pods-Swoosh-resources.sh\"\n";
			showEnvVarsInLog = 0;
		};
		FB7ED31FFFF28A0070B6EC9C /* Check Pods Manifest.lock */ = {
			isa = PBXShellScriptBuildPhase;
			buildActionMask = 2147483647;
			files = (
			);
			inputPaths = (
			);
			name = "Check Pods Manifest.lock";
			outputPaths = (
			);
			runOnlyForDeploymentPostprocessing = 0;
			shellPath = /bin/sh;
			shellScript = "diff \"${PODS_ROOT}/../Podfile.lock\" \"${PODS_ROOT}/Manifest.lock\" > /dev/null\nif [[ $? != 0 ]] ; then\n    cat << EOM\nerror: The sandbox is not in sync with the Podfile.lock. Run 'pod install' or update your CocoaPods installation.\nEOM\n    exit 1\nfi\n";
			showEnvVarsInLog = 0;
		};
/* End PBXShellScriptBuildPhase section */

/* Begin PBXSourcesBuildPhase section */
		68B0A6C21C9A57E1000751EF /* Sources */ = {
			isa = PBXSourcesBuildPhase;
			buildActionMask = 2147483647;
			files = (
				68B0A6EC1C9BBDC3000751EF /* DribbbleAPI.swift in Sources */,
				68DEEE8D1CA0E2140073282F /* ShotStore.swift in Sources */,
				68B0A6CA1C9A57E1000751EF /* AppDelegate.swift in Sources */,
				68B0A6E81C9A5D73000751EF /* SwooshDataSource.swift in Sources */,
				68DEEE911CA0F0A80073282F /* User.swift in Sources */,
				68B0A6E61C9A5D56000751EF /* SwooshViewController.swift in Sources */,
				68B0A6EA1C9BB72E000751EF /* SwooshCollectionViewCell.swift in Sources */,
				6855E4131CB33EA800FAA940 /* SwooshShotImageViewController.swift in Sources */,
				68DEEE8F1CA0EFF80073282F /* Shot.swift in Sources */,
				6855E4111CB058E600FAA940 /* SwooshShotDetailViewController.swift in Sources */,
			);
			runOnlyForDeploymentPostprocessing = 0;
		};
/* End PBXSourcesBuildPhase section */

/* Begin PBXVariantGroup section */
		68B0A6CD1C9A57E1000751EF /* Main.storyboard */ = {
			isa = PBXVariantGroup;
			children = (
				68B0A6CE1C9A57E1000751EF /* Base */,
			);
			name = Main.storyboard;
			sourceTree = "<group>";
		};
		68B0A6D21C9A57E1000751EF /* LaunchScreen.storyboard */ = {
			isa = PBXVariantGroup;
			children = (
				68B0A6D31C9A57E1000751EF /* Base */,
			);
			name = LaunchScreen.storyboard;
			sourceTree = "<group>";
		};
/* End PBXVariantGroup section */

/* Begin XCBuildConfiguration section */
		68B0A6D61C9A57E1000751EF /* Debug */ = {
			isa = XCBuildConfiguration;
			buildSettings = {
				ALWAYS_SEARCH_USER_PATHS = NO;
				CLANG_CXX_LANGUAGE_STANDARD = "gnu++0x";
				CLANG_CXX_LIBRARY = "libc++";
				CLANG_ENABLE_MODULES = YES;
				CLANG_ENABLE_OBJC_ARC = YES;
				CLANG_WARN_BOOL_CONVERSION = YES;
				CLANG_WARN_CONSTANT_CONVERSION = YES;
				CLANG_WARN_DIRECT_OBJC_ISA_USAGE = YES_ERROR;
				CLANG_WARN_EMPTY_BODY = YES;
				CLANG_WARN_ENUM_CONVERSION = YES;
				CLANG_WARN_INT_CONVERSION = YES;
				CLANG_WARN_OBJC_ROOT_CLASS = YES_ERROR;
				CLANG_WARN_UNREACHABLE_CODE = YES;
				CLANG_WARN__DUPLICATE_METHOD_MATCH = YES;
				"CODE_SIGN_IDENTITY[sdk=iphoneos*]" = "iPhone Developer";
				COPY_PHASE_STRIP = NO;
				DEBUG_INFORMATION_FORMAT = dwarf;
				ENABLE_STRICT_OBJC_MSGSEND = YES;
				ENABLE_TESTABILITY = YES;
				GCC_C_LANGUAGE_STANDARD = gnu99;
				GCC_DYNAMIC_NO_PIC = NO;
				GCC_NO_COMMON_BLOCKS = YES;
				GCC_OPTIMIZATION_LEVEL = 0;
				GCC_PREPROCESSOR_DEFINITIONS = (
					"DEBUG=1",
					"$(inherited)",
				);
				GCC_WARN_64_TO_32_BIT_CONVERSION = YES;
				GCC_WARN_ABOUT_RETURN_TYPE = YES_ERROR;
				GCC_WARN_UNDECLARED_SELECTOR = YES;
				GCC_WARN_UNINITIALIZED_AUTOS = YES_AGGRESSIVE;
				GCC_WARN_UNUSED_FUNCTION = YES;
				GCC_WARN_UNUSED_VARIABLE = YES;
				IPHONEOS_DEPLOYMENT_TARGET = 9.2;
				MTL_ENABLE_DEBUG_INFO = YES;
				ONLY_ACTIVE_ARCH = YES;
				SDKROOT = iphoneos;
				SWIFT_OPTIMIZATION_LEVEL = "-Onone";
			};
			name = Debug;
		};
		68B0A6D71C9A57E1000751EF /* Release */ = {
			isa = XCBuildConfiguration;
			buildSettings = {
				ALWAYS_SEARCH_USER_PATHS = NO;
				CLANG_CXX_LANGUAGE_STANDARD = "gnu++0x";
				CLANG_CXX_LIBRARY = "libc++";
				CLANG_ENABLE_MODULES = YES;
				CLANG_ENABLE_OBJC_ARC = YES;
				CLANG_WARN_BOOL_CONVERSION = YES;
				CLANG_WARN_CONSTANT_CONVERSION = YES;
				CLANG_WARN_DIRECT_OBJC_ISA_USAGE = YES_ERROR;
				CLANG_WARN_EMPTY_BODY = YES;
				CLANG_WARN_ENUM_CONVERSION = YES;
				CLANG_WARN_INT_CONVERSION = YES;
				CLANG_WARN_OBJC_ROOT_CLASS = YES_ERROR;
				CLANG_WARN_UNREACHABLE_CODE = YES;
				CLANG_WARN__DUPLICATE_METHOD_MATCH = YES;
				"CODE_SIGN_IDENTITY[sdk=iphoneos*]" = "iPhone Developer";
				COPY_PHASE_STRIP = NO;
				DEBUG_INFORMATION_FORMAT = "dwarf-with-dsym";
				ENABLE_NS_ASSERTIONS = NO;
				ENABLE_STRICT_OBJC_MSGSEND = YES;
				GCC_C_LANGUAGE_STANDARD = gnu99;
				GCC_NO_COMMON_BLOCKS = YES;
				GCC_WARN_64_TO_32_BIT_CONVERSION = YES;
				GCC_WARN_ABOUT_RETURN_TYPE = YES_ERROR;
				GCC_WARN_UNDECLARED_SELECTOR = YES;
				GCC_WARN_UNINITIALIZED_AUTOS = YES_AGGRESSIVE;
				GCC_WARN_UNUSED_FUNCTION = YES;
				GCC_WARN_UNUSED_VARIABLE = YES;
				IPHONEOS_DEPLOYMENT_TARGET = 9.2;
				MTL_ENABLE_DEBUG_INFO = NO;
				SDKROOT = iphoneos;
				VALIDATE_PRODUCT = YES;
			};
			name = Release;
		};
		68B0A6D91C9A57E1000751EF /* Debug */ = {
			isa = XCBuildConfiguration;
			baseConfigurationReference = 027CC8B5D5396A02F43A8C10 /* Pods-Swoosh.debug.xcconfig */;
			buildSettings = {
				ASSETCATALOG_COMPILER_APPICON_NAME = AppIcon;
				INFOPLIST_FILE = Swoosh/Info.plist;
				LD_RUNPATH_SEARCH_PATHS = "$(inherited) @executable_path/Frameworks";
				PRODUCT_BUNDLE_IDENTIFIER = com.ariunjargal.Swoosh;
				PRODUCT_NAME = "$(TARGET_NAME)";
			};
			name = Debug;
		};
		68B0A6DA1C9A57E1000751EF /* Release */ = {
			isa = XCBuildConfiguration;
			baseConfigurationReference = 0173308E22B9FC18C6B46791 /* Pods-Swoosh.release.xcconfig */;
			buildSettings = {
				ASSETCATALOG_COMPILER_APPICON_NAME = AppIcon;
				INFOPLIST_FILE = Swoosh/Info.plist;
				LD_RUNPATH_SEARCH_PATHS = "$(inherited) @executable_path/Frameworks";
				PRODUCT_BUNDLE_IDENTIFIER = com.ariunjargal.Swoosh;
				PRODUCT_NAME = "$(TARGET_NAME)";
			};
			name = Release;
		};
/* End XCBuildConfiguration section */

/* Begin XCConfigurationList section */
		68B0A6C11C9A57E1000751EF /* Build configuration list for PBXProject "Swoosh" */ = {
			isa = XCConfigurationList;
			buildConfigurations = (
				68B0A6D61C9A57E1000751EF /* Debug */,
				68B0A6D71C9A57E1000751EF /* Release */,
			);
			defaultConfigurationIsVisible = 0;
			defaultConfigurationName = Release;
		};
		68B0A6D81C9A57E1000751EF /* Build configuration list for PBXNativeTarget "Swoosh" */ = {
			isa = XCConfigurationList;
			buildConfigurations = (
				68B0A6D91C9A57E1000751EF /* Debug */,
				68B0A6DA1C9A57E1000751EF /* Release */,
			);
			defaultConfigurationIsVisible = 0;
			defaultConfigurationName = Release;
		};
/* End XCConfigurationList section */
	};
	rootObject = 68B0A6BE1C9A57E1000751EF /* Project object */;
}
